{
  "name": "budgify",
  "version": "0.1.0",
  "lockfileVersion": 1,
  "requires": true,
  "dependencies": {
    "budgie": {
      "version": "0.3.27",
      "resolved": "https://registry.npmjs.org/budgie/-/budgie-0.3.27.tgz",
      "integrity": "sha512-f/OUHrL8jxS+EP+wcRhkvDkiwPrCYkDEoNp6JPDGMi4z3M8D8unR+t6AQGJsJHdEcW4wSZW7QhX0ye2FWqebzw=="
    }
  }
}
